
Microsoft Visual Studio Solution File, Format Version 12.00
# Visual Studio Version 17
VisualStudioVersion = 17.4.33213.308
MinimumVisualStudioVersion = 10.0.40219.1
Project("{FAE04EC0-301F-11D3-BF4B-00C04F79EFBC}") = "EmployeeMVC", "EmployeeMVC\EmployeeMVC.csproj", "{A8EBF974-0699-4C23-A194-8D171CAC0075}"
EndProject
Global
	GlobalSection(SolutionConfigurationPlatforms) = preSolution
		Debug|Any CPU = Debug|Any CPU
		Release|Any CPU = Release|Any CPU
	EndGlobalSection
	GlobalSection(ProjectConfigurationPlatforms) = postSolution
		{A8EBF974-0699-4C23-A194-8D171CAC0075}.Debug|Any CPU.ActiveCfg = Debug|Any CPU
		{A8EBF974-0699-4C23-A194-8D171CAC0075}.Debug|Any CPU.Build.0 = Debug|Any CPU
		{A8EBF974-0699-4C23-A194-8D171CAC0075}.Release|Any CPU.ActiveCfg = Release|Any CPU
		{A8EBF974-0699-4C23-A194-8D171CAC0075}.Release|Any CPU.Build.0 = Release|Any CPU
	EndGlobalSection
	GlobalSection(SolutionProperties) = preSolution
		HideSolutionNode = FALSE
	EndGlobalSection
	GlobalSection(ExtensibilityGlobals) = postSolution
		SolutionGuid = {49807B1B-4E26-436D-A67C-D2CE167A24FF}
	EndGlobalSection
EndGlobal
